// !$*UTF8*$!
{
	archiveVersion = 1;
	classes = {
	};
	objectVersion = 77;
	objects = {

/* Begin PBXBuildFile section */
		5A23192F2F9783C3003EC56B /* StaffLanka-Go-Info.plist in Resources */ = {isa = PBXBuildFile; fileRef = 5A23192E2F9783C3003EC56B /* StaffLanka-Go-Info.plist */; };
		5A7A3D0C2F8B91BC008D34BE /* FirebaseAuth in Frameworks */ = {isa = PBXBuildFile; productRef = 5A7A3D0B2F8B91BC008D34BE /* FirebaseAuth */; };
		5A7A3D122F8B94C3008D34BE /* GoogleService-Info.plist in Resources */ = {isa = PBXBuildFile; fileRef = 5A7A3D112F8B94C3008D34BE /* GoogleService-Info.plist */; };
		5A7A3D262F8BDAAA008D34BE /* FirebaseFirestore in Frameworks */ = {isa = PBXBuildFile; productRef = 5A7A3D252F8BDAAA008D34BE /* FirebaseFirestore */; };
		5A7A3D282F8BE112008D34BE /* FirebaseCore in Frameworks */ = {isa = PBXBuildFile; productRef = 5A7A3D272F8BE112008D34BE /* FirebaseCore */; };
		5ABBF1EA2FADC71C00DB335D /* WidgetKit.framework in Frameworks */ = {isa = PBXBuildFile; fileRef = 5ABBF1E92FADC71B00DB335D /* WidgetKit.framework */; };
		5ABBF1EC2FADC71C00DB335D /* SwiftUI.framework in Frameworks */ = {isa = PBXBuildFile; fileRef = 5ABBF1EB2FADC71C00DB335D /* SwiftUI.framework */; };
		5ABBF1FB2FADC71D00DB335D /* StaffLankaGoWidgetExtensionExtension.appex in Embed Foundation Extensions */ = {isa = PBXBuildFile; fileRef = 5ABBF1E82FADC71B00DB335D /* StaffLankaGoWidgetExtensionExtension.appex */; settings = {ATTRIBUTES = (RemoveHeadersOnCopy, ); }; };
		5ABBF2112FADCB1E00DB335D /* ActivityKit.framework in Frameworks */ = {isa = PBXBuildFile; fileRef = 5ABBF2102FADCB1E00DB335D /* ActivityKit.framework */; };
		5ABBF2122FADCB3400DB335D /* ActivityKit.framework in Frameworks */ = {isa = PBXBuildFile; fileRef = 5ABBF2102FADCB1E00DB335D /* ActivityKit.framework */; };
/* End PBXBuildFile section */

/* Begin PBXContainerItemProxy section */
		5ABBF1F92FADC71D00DB335D /* PBXContainerItemProxy */ = {
			isa = PBXContainerItemProxy;
			containerPortal = 5A826B3B2F7191960044237A /* Project object */;
			proxyType = 1;
			remoteGlobalIDString = 5ABBF1E72FADC71B00DB335D;
			remoteInfo = StaffLankaGoWidgetExtensionExtension;
		};
/* End PBXContainerItemProxy section */

/* Begin PBXCopyFilesBuildPhase section */
		5ABBF2002FADC71D00DB335D /* Embed Foundation Extensions */ = {
			isa = PBXCopyFilesBuildPhase;
			buildActionMask = 2147483647;
			dstPath = "";
			dstSubfolderSpec = 13;
			files = (
				5ABBF1FB2FADC71D00DB335D /* StaffLankaGoWidgetExtensionExtension.appex in Embed Foundation Extensions */,
			);
			name = "Embed Foundation Extensions";
			runOnlyForDeploymentPostprocessing = 0;
		};
/* End PBXCopyFilesBuildPhase section */

/* Begin PBXFileReference section */
		5A23192E2F9783C3003EC56B /* StaffLanka-Go-Info.plist */ = {isa = PBXFileReference; lastKnownFileType = text.plist.xml; path = "StaffLanka-Go-Info.plist"; sourceTree = "<group>"; };
		5A7A3D112F8B94C3008D34BE /* GoogleService-Info.plist */ = {isa = PBXFileReference; lastKnownFileType = text.plist.xml; path = "GoogleService-Info.plist"; sourceTree = "<group>"; };
		5A826B432F7191960044237A /* StaffLanka_Go.app */ = {isa = PBXFileReference; explicitFileType = wrapper.application; includeInIndex = 0; path = StaffLanka_Go.app; sourceTree = BUILT_PRODUCTS_DIR; };
		5ABBF1E82FADC71B00DB335D /* StaffLankaGoWidgetExtensionExtension.appex */ = {isa = PBXFileReference; explicitFileType = "wrapper.app-extension"; includeInIndex = 0; path = StaffLankaGoWidgetExtensionExtension.appex; sourceTree = BUILT_PRODUCTS_DIR; };
		5ABBF1E92FADC71B00DB335D /* WidgetKit.framework */ = {isa = PBXFileReference; lastKnownFileType = wrapper.framework; name = WidgetKit.framework; path = System/Library/Frameworks/WidgetKit.framework; sourceTree = SDKROOT; };
		5ABBF1EB2FADC71C00DB335D /* SwiftUI.framework */ = {isa = PBXFileReference; lastKnownFileType = wrapper.framework; name = SwiftUI.framework; path = System/Library/Frameworks/SwiftUI.framework; sourceTree = SDKROOT; };
		5ABBF2102FADCB1E00DB335D /* ActivityKit.framework */ = {isa = PBXFileReference; lastKnownFileType = wrapper.framework; name = ActivityKit.framework; path = System/Library/Frameworks/ActivityKit.framework; sourceTree = SDKROOT; };
/* End PBXFileReference section */

/* Begin PBXFileSystemSynchronizedBuildFileExceptionSet section */
		5ABBF1FC2FADC71D00DB335D /* Exceptions for "StaffLankaGoWidgetExtension" folder in "StaffLankaGoWidgetExtensionExtension" target */ = {
			isa = PBXFileSystemSynchronizedBuildFileExceptionSet;
			membershipExceptions = (
				Info.plist,
			);
			target = 5ABBF1E72FADC71B00DB335D /* StaffLankaGoWidgetExtensionExtension */;
		};
		5ABBF21D2FADDED800DB335D /* Exceptions for "StaffLanka_Go" folder in "StaffLankaGoWidgetExtensionExtension" target */ = {
			isa = PBXFileSystemSynchronizedBuildFileExceptionSet;
			membershipExceptions = (
				LiveActivity/PassengerLiveActivityManager.swift,
				LiveActivity/StaffLankaBusLiveActivityAttributes.swift,
			);
			target = 5ABBF1E72FADC71B00DB335D /* StaffLankaGoWidgetExtensionExtension */;
		};
/* End PBXFileSystemSynchronizedBuildFileExceptionSet section */

/* Begin PBXFileSystemSynchronizedRootGroup section */
		5A826B452F7191960044237A /* StaffLanka_Go */ = {
			isa = PBXFileSystemSynchronizedRootGroup;
			exceptions = (
				5ABBF21D2FADDED800DB335D /* Exceptions for "StaffLanka_Go" folder in "StaffLankaGoWidgetExtensionExtension" target */,
			);
			path = StaffLanka_Go;
			sourceTree = "<group>";
		};
		5ABBF1ED2FADC71C00DB335D /* StaffLankaGoWidgetExtension */ = {
			isa = PBXFileSystemSynchronizedRootGroup;
			exceptions = (
				5ABBF1FC2FADC71D00DB335D /* Exceptions for "StaffLankaGoWidgetExtension" folder in "StaffLankaGoWidgetExtensionExtension" target */,
			);
			path = StaffLankaGoWidgetExtension;
			sourceTree = "<group>";
		};
/* End PBXFileSystemSynchronizedRootGroup section */

/* Begin PBXFrameworksBuildPhase section */
		5A826B402F7191960044237A /* Frameworks */ = {
			isa = PBXFrameworksBuildPhase;
			buildActionMask = 2147483647;
			files = (
				5A7A3D0C2F8B91BC008D34BE /* FirebaseAuth in Frameworks */,
				5A7A3D282F8BE112008D34BE /* FirebaseCore in Frameworks */,
				5ABBF2112FADCB1E00DB335D /* ActivityKit.framework in Frameworks */,
				5A7A3D262F8BDAAA008D34BE /* FirebaseFirestore in Frameworks */,
			);
			runOnlyForDeploymentPostprocessing = 0;
		};
		5ABBF1E52FADC71B00DB335D /* Frameworks */ = {
			isa = PBXFrameworksBuildPhase;
			buildActionMask = 2147483647;
			files = (
				5ABBF2122FADCB3400DB335D /* ActivityKit.framework in Frameworks */,
				5ABBF1EC2FADC71C00DB335D /* SwiftUI.framework in Frameworks */,
				5ABBF1EA2FADC71C00DB335D /* WidgetKit.framework in Frameworks */,
			);
			runOnlyForDeploymentPostprocessing = 0;
		};
/* End PBXFrameworksBuildPhase section */

/* Begin PBXGroup section */
		5A7A3D242F8BDAAA008D34BE /* Frameworks */ = {
			isa = PBXGroup;
			children = (
				5ABBF2102FADCB1E00DB335D /* ActivityKit.framework */,
				5ABBF1E92FADC71B00DB335D /* WidgetKit.framework */,
				5ABBF1EB2FADC71C00DB335D /* SwiftUI.framework */,
			);
			name = Frameworks;
			sourceTree = "<group>";
		};
		5A826B3A2F7191960044237A = {
			isa = PBXGroup;
			children = (
				5A23192E2F9783C3003EC56B /* StaffLanka-Go-Info.plist */,
				5A826B452F7191960044237A /* StaffLanka_Go */,
				5ABBF1ED2FADC71C00DB335D /* StaffLankaGoWidgetExtension */,
				5A826B442F7191960044237A /* Products */,
				5A7A3D112F8B94C3008D34BE /* GoogleService-Info.plist */,
				5A7A3D242F8BDAAA008D34BE /* Frameworks */,
			);
			sourceTree = "<group>";
		};
		5A826B442F7191960044237A /* Products */ = {
			isa = PBXGroup;
			children = (
				5A826B432F7191960044237A /* StaffLanka_Go.app */,
				5ABBF1E82FADC71B00DB335D /* StaffLankaGoWidgetExtensionExtension.appex */,
			);
			name = Products;
			sourceTree = "<group>";
		};
/* End PBXGroup section */

/* Begin PBXNativeTarget section */
		5A826B422F7191960044237A /* StaffLanka_Go */ = {
			isa = PBXNativeTarget;
			buildConfigurationList = 5A826B4E2F7191970044237A /* Build configuration list for PBXNativeTarget "StaffLanka_Go" */;
			buildPhases = (
				5A826B3F2F7191960044237A /* Sources */,
				5A826B402F7191960044237A /* Frameworks */,
				5A826B412F7191960044237A /* Resources */,
				5ABBF2002FADC71D00DB335D /* Embed Foundation Extensions */,
			);
			buildRules = (
			);
			dependencies = (
				5ABBF1FA2FADC71D00DB335D /* PBXTargetDependency */,
			);
			fileSystemSynchronizedGroups = (
				5A826B452F7191960044237A /* StaffLanka_Go */,
			);
			name = StaffLanka_Go;
			packageProductDependencies = (
				5A7A3D0B2F8B91BC008D34BE /* FirebaseAuth */,
				5A7A3D252F8BDAAA008D34BE /* FirebaseFirestore */,
				5A7A3D272F8BE112008D34BE /* FirebaseCore */,
			);
			productName = StaffLanka_Go;
			productReference = 5A826B432F7191960044237A /* StaffLanka_Go.app */;
			productType = "com.apple.product-type.application";
		};
		5ABBF1E72FADC71B00DB335D /* StaffLankaGoWidgetExtensionExtension */ = {
			isa = PBXNativeTarget;
			buildConfigurationList = 5ABBF1FD2FADC71D00DB335D /* Build configuration list for PBXNativeTarget "StaffLankaGoWidgetExtensionExtension" */;
			buildPhases = (
				5ABBF1E42FADC71B00DB335D /* Sources */,
				5ABBF1E52FADC71B00DB335D /* Frameworks */,
				5ABBF1E62FADC71B00DB335D /* Resources */,
			);
			buildRules = (
			);
			dependencies = (
			);
			fileSystemSynchronizedGroups = (
				5ABBF1ED2FADC71C00DB335D /* StaffLankaGoWidgetExtension */,
			);
			name = StaffLankaGoWidgetExtensionExtension;
			packageProductDependencies = (
			);
			productName = StaffLankaGoWidgetExtensionExtension;
			productReference = 5ABBF1E82FADC71B00DB335D /* StaffLankaGoWidgetExtensionExtension.appex */;
			productType = "com.apple.product-type.app-extension";
		};
/* End PBXNativeTarget section */

/* Begin PBXProject section */
		5A826B3B2F7191960044237A /* Project object */ = {
			isa = PBXProject;
			attributes = {
				BuildIndependentTargetsInParallel = 1;
				LastSwiftUpdateCheck = 2620;
				LastUpgradeCheck = 2620;
				TargetAttributes = {
					5A826B422F7191960044237A = {
						CreatedOnToolsVersion = 26.2;
					};
					5ABBF1E72FADC71B00DB335D = {
						CreatedOnToolsVersion = 26.2;
						LastSwiftMigration = 2620;
					};
				};
			};
			buildConfigurationList = 5A826B3E2F7191960044237A /* Build configuration list for PBXProject "StaffLanka_Go" */;
			developmentRegion = en;
			hasScannedForEncodings = 0;
			knownRegions = (
				en,
				Base,
			);
			mainGroup = 5A826B3A2F7191960044237A;
			minimizedProjectReferenceProxies = 1;
			packageReferences = (
				5A7A3D0A2F8B91BC008D34BE /* XCRemoteSwiftPackageReference "firebase-ios-sdk" */,
			);
			preferredProjectObjectVersion = 77;
			productRefGroup = 5A826B442F7191960044237A /* Products */;
			projectDirPath = "";
			projectRoot = "";
			targets = (
				5A826B422F7191960044237A /* StaffLanka_Go */,
				5ABBF1E72FADC71B00DB335D /* StaffLankaGoWidgetExtensionExtension */,
			);
		};
/* End PBXProject section */

/* Begin PBXResourcesBuildPhase section */
		5A826B412F7191960044237A /* Resources */ = {
			isa = PBXResourcesBuildPhase;
			buildActionMask = 2147483647;
			files = (
				5A23192F2F9783C3003EC56B /* StaffLanka-Go-Info.plist in Resources */,
				5A7A3D122F8B94C3008D34BE /* GoogleService-Info.plist in Resources */,
			);
			runOnlyForDeploymentPostprocessing = 0;
		};
		5ABBF1E62FADC71B00DB335D /* Resources */ = {
			isa = PBXResourcesBuildPhase;
			buildActionMask = 2147483647;
			files = (
			);
			runOnlyForDeploymentPostprocessing = 0;
		};
/* End PBXResourcesBuildPhase section */

/* Begin PBXSourcesBuildPhase section */
		5A826B3F2F7191960044237A /* Sources */ = {
			isa = PBXSourcesBuildPhase;
			buildActionMask = 2147483647;
			files = (
			);
			runOnlyForDeploymentPostprocessing = 0;
		};
		5ABBF1E42FADC71B00DB335D /* Sources */ = {
			isa = PBXSourcesBuildPhase;
			buildActionMask = 2147483647;
			files = (
			);
			runOnlyForDeploymentPostprocessing = 0;
		};
/* End PBXSourcesBuildPhase section */

/* Begin PBXTargetDependency section */
		5ABBF1FA2FADC71D00DB335D /* PBXTargetDependency */ = {
			isa = PBXTargetDependency;
			target = 5ABBF1E72FADC71B00DB335D /* StaffLankaGoWidgetExtensionExtension */;
			targetProxy = 5ABBF1F92FADC71D00DB335D /* PBXContainerItemProxy */;
		};
/* End PBXTargetDependency section */

/* Begin XCBuildConfiguration section */
		5A826B4C2F7191970044237A /* Debug */ = {
			isa = XCBuildConfiguration;
			buildSettings = {
				ALWAYS_SEARCH_USER_PATHS = NO;
				ASSETCATALOG_COMPILER_GENERATE_SWIFT_ASSET_SYMBOL_EXTENSIONS = YES;
				CLANG_ANALYZER_NONNULL = YES;
				CLANG_ANALYZER_NUMBER_OBJECT_CONVERSION = YES_AGGRESSIVE;
				CLANG_CXX_LANGUAGE_STANDARD = "gnu++20";
				CLANG_ENABLE_MODULES = YES;
				CLANG_ENABLE_OBJC_ARC = YES;
				CLANG_ENABLE_OBJC_WEAK = YES;
				CLANG_WARN_BLOCK_CAPTURE_AUTORELEASING = YES;
				CLANG_WARN_BOOL_CONVERSION = YES;
				CLANG_WARN_COMMA = YES;
				CLANG_WARN_CONSTANT_CONVERSION = YES;
				CLANG_WARN_DEPRECATED_OBJC_IMPLEMENTATIONS = YES;
				CLANG_WARN_DIRECT_OBJC_ISA_USAGE = YES_ERROR;
				CLANG_WARN_DOCUMENTATION_COMMENTS = YES;
				CLANG_WARN_EMPTY_BODY = YES;
				CLANG_WARN_ENUM_CONVERSION = YES;
				CLANG_WARN_INFINITE_RECURSION = YES;
				CLANG_WARN_INT_CONVERSION = YES;
				CLANG_WARN_NON_LITERAL_NULL_CONVERSION = YES;
				CLANG_WARN_OBJC_IMPLICIT_RETAIN_SELF = YES;
				CLANG_WARN_OBJC_LITERAL_CONVERSION = YES;
				CLANG_WARN_OBJC_ROOT_CLASS = YES_ERROR;
				CLANG_WARN_QUOTED_INCLUDE_IN_FRAMEWORK_HEADER = YES;
				CLANG_WARN_RANGE_LOOP_ANALYSIS = YES;
				CLANG_WARN_STRICT_PROTOTYPES = YES;
				CLANG_WARN_SUSPICIOUS_MOVE = YES;
				CLANG_WARN_UNGUARDED_AVAILABILITY = YES_AGGRESSIVE;
				CLANG_WARN_UNREACHABLE_CODE = YES;
				CLANG_WARN__DUPLICATE_METHOD_MATCH = YES;
				COPY_PHASE_STRIP = NO;
				DEBUG_INFORMATION_FORMAT = dwarf;
				DEVELOPMENT_TEAM = W2JVDPC4G5;
				ENABLE_STRICT_OBJC_MSGSEND = YES;
				ENABLE_TESTABILITY = YES;
				ENABLE_USER_SCRIPT_SANDBOXING = YES;
				GCC_C_LANGUAGE_STANDARD = gnu17;
				GCC_DYNAMIC_NO_PIC = NO;
				GCC_NO_COMMON_BLOCKS = YES;
				GCC_OPTIMIZATION_LEVEL = 0;
				GCC_PREPROCESSOR_DEFINITIONS = (
					"DEBUG=1",
					"$(inherited)",
				);
				GCC_WARN_64_TO_32_BIT_CONVERSION = YES;
				GCC_WARN_ABOUT_RETURN_TYPE = YES_ERROR;
				GCC_WARN_UNDECLARED_SELECTOR = YES;
				GCC_WARN_UNINITIALIZED_AUTOS = YES_AGGRESSIVE;
				GCC_WARN_UNUSED_FUNCTION = YES;
				GCC_WARN_UNUSED_VARIABLE = YES;
				IPHONEOS_DEPLOYMENT_TARGET = 26.2;
				LOCALIZATION_PREFERS_STRING_CATALOGS = YES;
				MTL_ENABLE_DEBUG_INFO = INCLUDE_SOURCE;
				MTL_FAST_MATH = YES;
				ONLY_ACTIVE_ARCH = YES;
				SDKROOT = iphoneos;
				SWIFT_ACTIVE_COMPILATION_CONDITIONS = "DEBUG $(inherited)";
				SWIFT_OPTIMIZATION_LEVEL = "-Onone";
			};
			name = Debug;
		};
		5A826B4D2F7191970044237A /* Release */ = {
			isa = XCBuildConfiguration;
			buildSettings = {
				ALWAYS_SEARCH_USER_PATHS = NO;
				ASSETCATALOG_COMPILER_GENERATE_SWIFT_ASSET_SYMBOL_EXTENSIONS = YES;
				CLANG_ANALYZER_NONNULL = YES;
				CLANG_ANALYZER_NUMBER_OBJECT_CONVERSION = YES_AGGRESSIVE;
				CLANG_CXX_LANGUAGE_STANDARD = "gnu++20";
				CLANG_ENABLE_MODULES = YES;
				CLANG_ENABLE_OBJC_ARC = YES;
				CLANG_ENABLE_OBJC_WEAK = YES;
				CLANG_WARN_BLOCK_CAPTURE_AUTORELEASING = YES;
				CLANG_WARN_BOOL_CONVERSION = YES;
				CLANG_WARN_COMMA = YES;
				CLANG_WARN_CONSTANT_CONVERSION = YES;
				CLANG_WARN_DEPRECATED_OBJC_IMPLEMENTATIONS = YES;
				CLANG_WARN_DIRECT_OBJC_ISA_USAGE = YES_ERROR;
				CLANG_WARN_DOCUMENTATION_COMMENTS = YES;
				CLANG_WARN_EMPTY_BODY = YES;
				CLANG_WARN_ENUM_CONVERSION = YES;
				CLANG_WARN_INFINITE_RECURSION = YES;
				CLANG_WARN_INT_CONVERSION = YES;
				CLANG_WARN_NON_LITERAL_NULL_CONVERSION = YES;
				CLANG_WARN_OBJC_IMPLICIT_RETAIN_SELF = YES;
				CLANG_WARN_OBJC_LITERAL_CONVERSION = YES;
				CLANG_WARN_OBJC_ROOT_CLASS = YES_ERROR;
				CLANG_WARN_QUOTED_INCLUDE_IN_FRAMEWORK_HEADER = YES;
				CLANG_WARN_RANGE_LOOP_ANALYSIS = YES;
				CLANG_WARN_STRICT_PROTOTYPES = YES;
				CLANG_WARN_SUSPICIOUS_MOVE = YES;
				CLANG_WARN_UNGUARDED_AVAILABILITY = YES_AGGRESSIVE;
				CLANG_WARN_UNREACHABLE_CODE = YES;
				CLANG_WARN__DUPLICATE_METHOD_MATCH = YES;
				COPY_PHASE_STRIP = NO;
				DEBUG_INFORMATION_FORMAT = "dwarf-with-dsym";
				DEVELOPMENT_TEAM = W2JVDPC4G5;
				ENABLE_NS_ASSERTIONS = NO;
				ENABLE_STRICT_OBJC_MSGSEND = YES;
				ENABLE_USER_SCRIPT_SANDBOXING = YES;
				GCC_C_LANGUAGE_STANDARD = gnu17;
				GCC_NO_COMMON_BLOCKS = YES;
				GCC_WARN_64_TO_32_BIT_CONVERSION = YES;
				GCC_WARN_ABOUT_RETURN_TYPE = YES_ERROR;
				GCC_WARN_UNDECLARED_SELECTOR = YES;
				GCC_WARN_UNINITIALIZED_AUTOS = YES_AGGRESSIVE;
				GCC_WARN_UNUSED_FUNCTION = YES;
				GCC_WARN_UNUSED_VARIABLE = YES;
				IPHONEOS_DEPLOYMENT_TARGET = 26.2;
				LOCALIZATION_PREFERS_STRING_CATALOGS = YES;
				MTL_ENABLE_DEBUG_INFO = NO;
				MTL_FAST_MATH = YES;
				SDKROOT = iphoneos;
				SWIFT_COMPILATION_MODE = wholemodule;
				VALIDATE_PRODUCT = YES;
			};
			name = Release;
		};
		5A826B4F2F7191970044237A /* Debug */ = {
			isa = XCBuildConfiguration;
			buildSettings = {
				ASSETCATALOG_COMPILER_APPICON_NAME = AppIcon;
				ASSETCATALOG_COMPILER_GLOBAL_ACCENT_COLOR_NAME = AccentColor;
				CODE_SIGN_STYLE = Automatic;
				CURRENT_PROJECT_VERSION = 1;
				DEVELOPMENT_TEAM = W2JVDPC4G5;
				ENABLE_PREVIEWS = YES;
				GENERATE_INFOPLIST_FILE = YES;
				INFOPLIST_FILE = "StaffLanka-Go-Info.plist";
				INFOPLIST_KEY_UIApplicationSceneManifest_Generation = YES;
				INFOPLIST_KEY_UIApplicationSupportsIndirectInputEvents = YES;
				INFOPLIST_KEY_UILaunchScreen_Generation = YES;
				INFOPLIST_KEY_UISupportedInterfaceOrientations_iPad = "UIInterfaceOrientationPortrait UIInterfaceOrientationPortraitUpsideDown UIInterfaceOrientationLandscapeLeft UIInterfaceOrientationLandscapeRight";
				INFOPLIST_KEY_UISupportedInterfaceOrientations_iPhone = "UIInterfaceOrientationPortrait UIInterfaceOrientationLandscapeLeft UIInterfaceOrientationLandscapeRight";
				LD_RUNPATH_SEARCH_PATHS = (
					"$(inherited)",
					"@executable_path/Frameworks",
				);
				MARKETING_VERSION = 1.0;
				PRODUCT_BUNDLE_IDENTIFIER = "com.002.app.StaffLanka-Go";
				PRODUCT_NAME = "$(TARGET_NAME)";
				STRING_CATALOG_GENERATE_SYMBOLS = YES;
				SWIFT_APPROACHABLE_CONCURRENCY = YES;
				SWIFT_DEFAULT_ACTOR_ISOLATION = MainActor;
				SWIFT_EMIT_LOC_STRINGS = YES;
				SWIFT_UPCOMING_FEATURE_MEMBER_IMPORT_VISIBILITY = YES;
				SWIFT_VERSION = 5.0;
				TARGETED_DEVICE_FAMILY = "1,2";
			};
			name = Debug;
		};
		5A826B502F7191970044237A /* Release */ = {
			isa = XCBuildConfiguration;
			buildSettings = {
				ASSETCATALOG_COMPILER_APPICON_NAME = AppIcon;
				ASSETCATALOG_COMPILER_GLOBAL_ACCENT_COLOR_NAME = AccentColor;
				CODE_SIGN_STYLE = Automatic;
				CURRENT_PROJECT_VERSION = 1;
				DEVELOPMENT_TEAM = W2JVDPC4G5;
				ENABLE_PREVIEWS = YES;
				GENERATE_INFOPLIST_FILE = YES;
				INFOPLIST_FILE = "StaffLanka-Go-Info.plist";
				INFOPLIST_KEY_UIApplicationSceneManifest_Generation = YES;
				INFOPLIST_KEY_UIApplicationSupportsIndirectInputEvents = YES;
				INFOPLIST_KEY_UILaunchScreen_Generation = YES;
				INFOPLIST_KEY_UISupportedInterfaceOrientations_iPad = "UIInterfaceOrientationPortrait UIInterfaceOrientationPortraitUpsideDown UIInterfaceOrientationLandscapeLeft UIInterfaceOrientationLandscapeRight";
				INFOPLIST_KEY_UISupportedInterfaceOrientations_iPhone = "UIInterfaceOrientationPortrait UIInterfaceOrientationLandscapeLeft UIInterfaceOrientationLandscapeRight";
				LD_RUNPATH_SEARCH_PATHS = (
					"$(inherited)",
					"@executable_path/Frameworks",
				);
				MARKETING_VERSION = 1.0;
				PRODUCT_BUNDLE_IDENTIFIER = "com.002.app.StaffLanka-Go";
				PRODUCT_NAME = "$(TARGET_NAME)";
				STRING_CATALOG_GENERATE_SYMBOLS = YES;
				SWIFT_APPROACHABLE_CONCURRENCY = YES;
				SWIFT_DEFAULT_ACTOR_ISOLATION = MainActor;
				SWIFT_EMIT_LOC_STRINGS = YES;
				SWIFT_UPCOMING_FEATURE_MEMBER_IMPORT_VISIBILITY = YES;
				SWIFT_VERSION = 5.0;
				TARGETED_DEVICE_FAMILY = "1,2";
			};
			name = Release;
		};
		5ABBF1FE2FADC71D00DB335D /* Debug */ = {
			isa = XCBuildConfiguration;
			buildSettings = {
				ASSETCATALOG_COMPILER_GLOBAL_ACCENT_COLOR_NAME = AccentColor;
				ASSETCATALOG_COMPILER_WIDGET_BACKGROUND_COLOR_NAME = WidgetBackground;
				CLANG_ENABLE_MODULES = YES;
				CODE_SIGN_STYLE = Automatic;
				CURRENT_PROJECT_VERSION = 1;
				DEVELOPMENT_TEAM = W2JVDPC4G5;
				GENERATE_INFOPLIST_FILE = YES;
				INFOPLIST_FILE = StaffLankaGoWidgetExtension/Info.plist;
				INFOPLIST_KEY_CFBundleDisplayName = StaffLankaGoWidgetExtension;
				INFOPLIST_KEY_NSHumanReadableCopyright = "";
				LD_RUNPATH_SEARCH_PATHS = (
					"$(inherited)",
					"@executable_path/Frameworks",
					"@executable_path/../../Frameworks",
				);
				MARKETING_VERSION = 1.0;
				PRODUCT_BUNDLE_IDENTIFIER = "com.002.app.StaffLanka-Go.StaffLankaGoWidgetExtension";
				PRODUCT_NAME = "$(TARGET_NAME)";
				SKIP_INSTALL = YES;
				STRING_CATALOG_GENERATE_SYMBOLS = YES;
				SWIFT_APPROACHABLE_CONCURRENCY = YES;
				SWIFT_EMIT_LOC_STRINGS = YES;
				SWIFT_OBJC_BRIDGING_HEADER = "";
				SWIFT_OPTIMIZATION_LEVEL = "-Onone";
				SWIFT_UPCOMING_FEATURE_MEMBER_IMPORT_VISIBILITY = YES;
				SWIFT_VERSION = 5.0;
				TARGETED_DEVICE_FAMILY = "1,2";
			};
			name = Debug;
		};
		5ABBF1FF2FADC71D00DB335D /* Release */ = {
			isa = XCBuildConfiguration;
			buildSettings = {
				ASSETCATALOG_COMPILER_GLOBAL_ACCENT_COLOR_NAME = AccentColor;
				ASSETCATALOG_COMPILER_WIDGET_BACKGROUND_COLOR_NAME = WidgetBackground;
				CLANG_ENABLE_MODULES = YES;
				CODE_SIGN_STYLE = Automatic;
				CURRENT_PROJECT_VERSION = 1;
				DEVELOPMENT_TEAM = W2JVDPC4G5;
				GENERATE_INFOPLIST_FILE = YES;
				INFOPLIST_FILE = StaffLankaGoWidgetExtension/Info.plist;
				INFOPLIST_KEY_CFBundleDisplayName = StaffLankaGoWidgetExtension;
				INFOPLIST_KEY_NSHumanReadableCopyright = "";
				LD_RUNPATH_SEARCH_PATHS = (
					"$(inherited)",
					"@executable_path/Frameworks",
					"@executable_path/../../Frameworks",
				);
				MARKETING_VERSION = 1.0;
				PRODUCT_BUNDLE_IDENTIFIER = "com.002.app.StaffLanka-Go.StaffLankaGoWidgetExtension";
				PRODUCT_NAME = "$(TARGET_NAME)";
				SKIP_INSTALL = YES;
				STRING_CATALOG_GENERATE_SYMBOLS = YES;
				SWIFT_APPROACHABLE_CONCURRENCY = YES;
				SWIFT_EMIT_LOC_STRINGS = YES;
				SWIFT_OBJC_BRIDGING_HEADER = "";
				SWIFT_UPCOMING_FEATURE_MEMBER_IMPORT_VISIBILITY = YES;
				SWIFT_VERSION = 5.0;
				TARGETED_DEVICE_FAMILY = "1,2";
			};
			name = Release;
		};
/* End XCBuildConfiguration section */

/* Begin XCConfigurationList section */
		5A826B3E2F7191960044237A /* Build configuration list for PBXProject "StaffLanka_Go" */ = {
			isa = XCConfigurationList;
			buildConfigurations = (
				5A826B4C2F7191970044237A /* Debug */,
				5A826B4D2F7191970044237A /* Release */,
			);
			defaultConfigurationIsVisible = 0;
			defaultConfigurationName = Release;
		};
		5A826B4E2F7191970044237A /* Build configuration list for PBXNativeTarget "StaffLanka_Go" */ = {
			isa = XCConfigurationList;
			buildConfigurations = (
				5A826B4F2F7191970044237A /* Debug */,
				5A826B502F7191970044237A /* Release */,
			);
			defaultConfigurationIsVisible = 0;
			defaultConfigurationName = Release;
		};
		5ABBF1FD2FADC71D00DB335D /* Build configuration list for PBXNativeTarget "StaffLankaGoWidgetExtensionExtension" */ = {
			isa = XCConfigurationList;
			buildConfigurations = (
				5ABBF1FE2FADC71D00DB335D /* Debug */,
				5ABBF1FF2FADC71D00DB335D /* Release */,
			);
			defaultConfigurationIsVisible = 0;
			defaultConfigurationName = Release;
		};
/* End XCConfigurationList section */

/* Begin XCRemoteSwiftPackageReference section */
		5A7A3D0A2F8B91BC008D34BE /* XCRemoteSwiftPackageReference "firebase-ios-sdk" */ = {
			isa = XCRemoteSwiftPackageReference;
			repositoryURL = "https://github.com/firebase/firebase-ios-sdk";
			requirement = {
				kind = upToNextMajorVersion;
				minimumVersion = 12.12.0;
			};
		};
/* End XCRemoteSwiftPackageReference section */

/* Begin XCSwiftPackageProductDependency section */
		5A7A3D0B2F8B91BC008D34BE /* FirebaseAuth */ = {
			isa = XCSwiftPackageProductDependency;
			package = 5A7A3D0A2F8B91BC008D34BE /* XCRemoteSwiftPackageReference "firebase-ios-sdk" */;
			productName = FirebaseAuth;
		};
		5A7A3D252F8BDAAA008D34BE /* FirebaseFirestore */ = {
			isa = XCSwiftPackageProductDependency;
			package = 5A7A3D0A2F8B91BC008D34BE /* XCRemoteSwiftPackageReference "firebase-ios-sdk" */;
			productName = FirebaseFirestore;
		};
		5A7A3D272F8BE112008D34BE /* FirebaseCore */ = {
			isa = XCSwiftPackageProductDependency;
			package = 5A7A3D0A2F8B91BC008D34BE /* XCRemoteSwiftPackageReference "firebase-ios-sdk" */;
			productName = FirebaseCore;
		};
/* End XCSwiftPackageProductDependency section */
	};
	rootObject = 5A826B3B2F7191960044237A /* Project object */;
}
